
Microsoft Visual Studio Solution File, Format Version 12.00
# Visual Studio Version 17
VisualStudioVersion = 17.14.36623.8 d17.14
MinimumVisualStudioVersion = 10.0.40219.1
Project("{FAE04EC0-301F-11D3-BF4B-00C04F79EFBC}") = "WpfApp1-client", "WpfApp1-client.csproj", "{12FCFDAC-A916-4469-A75B-B7FC26183092}"
EndProject
Global
	GlobalSection(SolutionConfigurationPlatforms) = preSolution
		Debug|Any CPU = Debug|Any CPU
		Release|Any CPU = Release|Any CPU
	EndGlobalSection
	GlobalSection(ProjectConfigurationPlatforms) = postSolution
		{12FCFDAC-A916-4469-A75B-B7FC26183092}.Debug|Any CPU.ActiveCfg = Debug|Any CPU
		{12FCFDAC-A916-4469-A75B-B7FC26183092}.Debug|Any CPU.Build.0 = Debug|Any CPU
		{12FCFDAC-A916-4469-A75B-B7FC26183092}.Release|Any CPU.ActiveCfg = Release|Any CPU
		{12FCFDAC-A916-4469-A75B-B7FC26183092}.Release|Any CPU.Build.0 = Release|Any CPU
	EndGlobalSection
	GlobalSection(SolutionProperties) = preSolution
		HideSolutionNode = FALSE
	EndGlobalSection
	GlobalSection(ExtensibilityGlobals) = postSolution
		SolutionGuid = {9BA751A9-269C-4F82-9E6D-31DF97D69CF8}
	EndGlobalSection
EndGlobal
